// !$*UTF8*$!
{
	archiveVersion = 1;
	classes = {
	};
	objectVersion = 56;
	objects = {

/* Begin PBXBuildFile section */
		06BE5907FDC7E84DC70D680D /* WatchTodayView.swift in Sources */ = {isa = PBXBuildFile; fileRef = EA890BA5322C7F75FF2DDD4A /* WatchTodayView.swift */; };
		0E2586C4B9088DCD2B493D55 /* TodayView.swift in Sources */ = {isa = PBXBuildFile; fileRef = B53DF820D28123DA59768D65 /* TodayView.swift */; };
		145CE6ED3EF794626D8AE087 /* PaceOffWidgetBundle.swift in Sources */ = {isa = PBXBuildFile; fileRef = 043A1B595DCF79105E42EACA /* PaceOffWidgetBundle.swift */; };
		1E74F03CD2DA53BFC11ACFD4 /* RootView.swift in Sources */ = {isa = PBXBuildFile; fileRef = D0CBE1EC823560360FC3672F /* RootView.swift */; };
		210B437CD9276CBAD4998032 /* HealthKit.framework in Frameworks */ = {isa = PBXBuildFile; fileRef = 5F4055F960C4CCD419649518 /* HealthKit.framework */; };
		23826306BC67A54A72AC75BD /* AppGroup.swift in Sources */ = {isa = PBXBuildFile; fileRef = 48E7550CAD9C4D79751C95EA /* AppGroup.swift */; };
		264559AF538464F67901D236 /* HealthKitService.swift in Sources */ = {isa = PBXBuildFile; fileRef = FDA87313DFA425D1345A5393 /* HealthKitService.swift */; };
		26EB1093C6522919AD0E6E74 /* VO2MaxSnapshot.swift in Sources */ = {isa = PBXBuildFile; fileRef = 92ED6E156A6562B097BCDF24 /* VO2MaxSnapshot.swift */; };
		27A1D4A01DCFFACBC951800E /* PushTargetEngine.swift in Sources */ = {isa = PBXBuildFile; fileRef = A93BE2C372C1F5CBDCF4BD34 /* PushTargetEngine.swift */; };
		29D92F29032E319F511BAF71 /* SwiftUI.framework in Frameworks */ = {isa = PBXBuildFile; fileRef = CD8F5A0E0CD5262B0AC94150 /* SwiftUI.framework */; };
		2EDEC13DD7154078F5F7F5A6 /* PushTargetEngineTests.swift in Sources */ = {isa = PBXBuildFile; fileRef = 27F3EE360E48297AAFC97078 /* PushTargetEngineTests.swift */; };
		329511A4E941AE15245BF043 /* RunRecord.swift in Sources */ = {isa = PBXBuildFile; fileRef = 7385B3E565CA63C5F8B9180D /* RunRecord.swift */; };
		3516D11791F99193B9D5666F /* WidgetKit.framework in Frameworks */ = {isa = PBXBuildFile; fileRef = 1D334510E36F2E3BD3918B10 /* WidgetKit.framework */; };
		38869D705CD6A348D6109102 /* WorkoutSessionManager.swift in Sources */ = {isa = PBXBuildFile; fileRef = EC4E5CE0B74330F1F0A426B5 /* WorkoutSessionManager.swift */; };
		38A530E48DE95595582211FA /* RunTarget.swift in Sources */ = {isa = PBXBuildFile; fileRef = EB3E0B037B9E932E46109271 /* RunTarget.swift */; };
		3C7168796BA778D209C98719 /* PaceOffApp.swift in Sources */ = {isa = PBXBuildFile; fileRef = BF31D94A4E0621E9FD66337D /* PaceOffApp.swift */; };
		4412C5DDAAA37C34C39B902D /* SettingsView.swift in Sources */ = {isa = PBXBuildFile; fileRef = A16055B88F40FC03BF4E72C3 /* SettingsView.swift */; };
		4DDAEB789C5E2230F3813401 /* RunRecord.swift in Sources */ = {isa = PBXBuildFile; fileRef = 7385B3E565CA63C5F8B9180D /* RunRecord.swift */; };
		4F6025F22D81181885595E0D /* VoiceCopy.swift in Sources */ = {isa = PBXBuildFile; fileRef = 26F3445CC4043DFB144A6E8E /* VoiceCopy.swift */; };
		5393041461115E5569104B1B /* PaceOffWidget.swift in Sources */ = {isa = PBXBuildFile; fileRef = DAEEC655149AEED4C739ACFC /* PaceOffWidget.swift */; };
		5B5F1DDCEDFBB301086E9275 /* NotificationScheduler.swift in Sources */ = {isa = PBXBuildFile; fileRef = 26CBF7022052396834DBB5B8 /* NotificationScheduler.swift */; };
		6089FEE24EBE3804829E58B5 /* PaceOffWatchApp.swift in Sources */ = {isa = PBXBuildFile; fileRef = 82B821D599F8B70C132DC15E /* PaceOffWatchApp.swift */; };
		632E81B0146984E038FF2CAC /* RunTarget.swift in Sources */ = {isa = PBXBuildFile; fileRef = EB3E0B037B9E932E46109271 /* RunTarget.swift */; };
		6C9BE719A34DBB7AE93AB574 /* HealthKit.framework in Frameworks */ = {isa = PBXBuildFile; fileRef = 5F4055F960C4CCD419649518 /* HealthKit.framework */; };
		6D9DE30A02179420FED9B2C2 /* VoiceCopy.swift in Sources */ = {isa = PBXBuildFile; fileRef = 26F3445CC4043DFB144A6E8E /* VoiceCopy.swift */; };
		728663FD7308C17E74CDEC37 /* VO2MaxDetailView.swift in Sources */ = {isa = PBXBuildFile; fileRef = F5ECF91504783637C6E1AAFE /* VO2MaxDetailView.swift */; };
		76B5D25B64F92FA359EF2921 /* AppGroup.swift in Sources */ = {isa = PBXBuildFile; fileRef = 48E7550CAD9C4D79751C95EA /* AppGroup.swift */; };
		771219521B5A771E43CB74C7 /* OnboardingView.swift in Sources */ = {isa = PBXBuildFile; fileRef = C126EFA0AA92ABA55D2716B6 /* OnboardingView.swift */; };
		80C937596DD24C465284E559 /* RunDetailView.swift in Sources */ = {isa = PBXBuildFile; fileRef = 74AD6A73BE659740953F5C2C /* RunDetailView.swift */; };
		8862D5D70C68312EA7E1F331 /* Assets.xcassets in Resources */ = {isa = PBXBuildFile; fileRef = 1FCBE6C52DC0E9940EF65B15 /* Assets.xcassets */; };
		92F30B0BCBA9380AD8A8CC0F /* VO2MaxSnapshot.swift in Sources */ = {isa = PBXBuildFile; fileRef = 92ED6E156A6562B097BCDF24 /* VO2MaxSnapshot.swift */; };
		9A6780052FB65439003D84FB /* UserProfile.swift in Sources */ = {isa = PBXBuildFile; fileRef = 9A6780042FB65439003D84FB /* UserProfile.swift */; };
		9A6780062FB65439003D84FB /* UserProfile.swift in Sources */ = {isa = PBXBuildFile; fileRef = 9A6780042FB65439003D84FB /* UserProfile.swift */; };
		9A6780072FB65439003D84FB /* UserProfile.swift in Sources */ = {isa = PBXBuildFile; fileRef = 9A6780042FB65439003D84FB /* UserProfile.swift */; };
		9A81B35B2FA7BB9400F66DD8 /* AppleIntelligenceCopy.swift in Sources */ = {isa = PBXBuildFile; fileRef = 9A81B3592FA7BB9400F66DD8 /* AppleIntelligenceCopy.swift */; };
		9A81B35D2FA7BB9400F66DD8 /* AppleIntelligenceCopy.swift in Sources */ = {isa = PBXBuildFile; fileRef = 9A81B3592FA7BB9400F66DD8 /* AppleIntelligenceCopy.swift */; };
		9A81B35F2FA7BB9400F66DD8 /* AppleIntelligenceCopy.swift in Sources */ = {isa = PBXBuildFile; fileRef = 9A81B3592FA7BB9400F66DD8 /* AppleIntelligenceCopy.swift */; };
		9A81B3602FA7BB9400F66DD8 /* BackgroundRefreshService.swift in Sources */ = {isa = PBXBuildFile; fileRef = 9A81B35A2FA7BB9400F66DD8 /* BackgroundRefreshService.swift */; };
		A5FDE5453A8109D8B6B2F74F /* RunTarget.swift in Sources */ = {isa = PBXBuildFile; fileRef = EB3E0B037B9E932E46109271 /* RunTarget.swift */; };
		AE296AB16EC10FF409E0FDDD /* PaceOff Watch App.app in Embed Foundation Extensions */ = {isa = PBXBuildFile; fileRef = 036B7996CCDEF92C0612E4D9 /* PaceOff Watch App.app */; settings = {ATTRIBUTES = (RemoveHeadersOnCopy, ); }; };
		AEDD36E044461085BFDC5766 /* PostRunView.swift in Sources */ = {isa = PBXBuildFile; fileRef = A9C8BD20DBCF3DE0BC3E27FB /* PostRunView.swift */; };
		B64D6F2E59E9BB4F4CE76A5E /* Tone.swift in Sources */ = {isa = PBXBuildFile; fileRef = 5AB9CA2CEF907EDC03F2E90E /* Tone.swift */; };
		B69204D3081BCC6F50A00554 /* RunRecord.swift in Sources */ = {isa = PBXBuildFile; fileRef = 7385B3E565CA63C5F8B9180D /* RunRecord.swift */; };
		BA716F7EC2B7F31275EC13D4 /* Preview Content in Resources */ = {isa = PBXBuildFile; fileRef = 020DA95E7BEAE65EB4A19071 /* Preview Content */; };
		BE23702015E49DE7EE9A5F63 /* Assets.xcassets in Resources */ = {isa = PBXBuildFile; fileRef = 2DCD52BC910E9B4F6A825D2F /* Assets.xcassets */; };
		C0F4D98A1EC1D36BFF9E079F /* Tone.swift in Sources */ = {isa = PBXBuildFile; fileRef = 5AB9CA2CEF907EDC03F2E90E /* Tone.swift */; };
		C3F6C13FAF108C6A4C829143 /* PushTargetEngine.swift in Sources */ = {isa = PBXBuildFile; fileRef = A93BE2C372C1F5CBDCF4BD34 /* PushTargetEngine.swift */; };
		CD6490B12FB650FD006E69CF /* ProfileEditView.swift in Sources */ = {isa = PBXBuildFile; fileRef = CD6490AF2FB650FD006E69CF /* ProfileEditView.swift */; };
		CD6490B22FB650FD006E69CF /* ProfileView.swift in Sources */ = {isa = PBXBuildFile; fileRef = CD6490B02FB650FD006E69CF /* ProfileView.swift */; };
		CD6490B52FB6510E006E69CF /* ProfileStore.swift in Sources */ = {isa = PBXBuildFile; fileRef = CD6490B42FB6510E006E69CF /* ProfileStore.swift */; };
		CD6490B62FB6510E006E69CF /* AppleSignInService.swift in Sources */ = {isa = PBXBuildFile; fileRef = CD6490B32FB6510E006E69CF /* AppleSignInService.swift */; };
		CF488859E369A0601E50B9BF /* AppGroup.swift in Sources */ = {isa = PBXBuildFile; fileRef = 48E7550CAD9C4D79751C95EA /* AppGroup.swift */; };
		D22A137180C4A2E96F15E64C /* TrendsView.swift in Sources */ = {isa = PBXBuildFile; fileRef = FD50DC96C723A45DEF2F2E84 /* TrendsView.swift */; };
		D23368B4BFAE33FD71245E7F /* Assets.xcassets in Resources */ = {isa = PBXBuildFile; fileRef = 82BDC057083015101B1E193D /* Assets.xcassets */; };
		D50B1DF6EEAEFED96DEF2A10 /* Tone.swift in Sources */ = {isa = PBXBuildFile; fileRef = 5AB9CA2CEF907EDC03F2E90E /* Tone.swift */; };
		E20CFC48BDF19898CAB00164 /* PushTargetEngine.swift in Sources */ = {isa = PBXBuildFile; fileRef = A93BE2C372C1F5CBDCF4BD34 /* PushTargetEngine.swift */; };
		E226DC26A5AFD7DA8D0E9D9F /* RunningWorkoutView.swift in Sources */ = {isa = PBXBuildFile; fileRef = D34453E5DF50D54376CC881C /* RunningWorkoutView.swift */; };
		E6DDD5AA59560023D889724A /* VoiceCopy.swift in Sources */ = {isa = PBXBuildFile; fileRef = 26F3445CC4043DFB144A6E8E /* VoiceCopy.swift */; };
		E8F5110826A0FCB6C3E62CF3 /* HistoryView.swift in Sources */ = {isa = PBXBuildFile; fileRef = 84B54EC06446159F25246014 /* HistoryView.swift */; };
		E958F83681B00C60763BE484 /* TodayViewModel.swift in Sources */ = {isa = PBXBuildFile; fileRef = 7913F344AA2E6482DE332D51 /* TodayViewModel.swift */; };
		F32CE7480525EBFF9992D6F7 /* PaceOffWidget.appex in Embed Foundation Extensions */ = {isa = PBXBuildFile; fileRef = 43E300D32D9F9EDED7949068 /* PaceOffWidget.appex */; settings = {ATTRIBUTES = (RemoveHeadersOnCopy, ); }; };
		F434822A51BAAB2D0B3A3FCD /* VO2MaxSnapshot.swift in Sources */ = {isa = PBXBuildFile; fileRef = 92ED6E156A6562B097BCDF24 /* VO2MaxSnapshot.swift */; };
/* End PBXBuildFile section */

/* Begin PBXContainerItemProxy section */
		3E7C9D847016609B9A3D5D6D /* PBXContainerItemProxy */ = {
			isa = PBXContainerItemProxy;
			containerPortal = 98F54143AB4E86B28C3AFEE0 /* Project object */;
			proxyType = 1;
			remoteGlobalIDString = C36EDF00769C180FFC5E76E5;
			remoteInfo = PaceOff;
		};
		54A38E525A5E6657EEC807E9 /* PBXContainerItemProxy */ = {
			isa = PBXContainerItemProxy;
			containerPortal = 98F54143AB4E86B28C3AFEE0 /* Project object */;
			proxyType = 1;
			remoteGlobalIDString = C0A22F8F6C2EBA161F532704;
			remoteInfo = PaceOffWidget;
		};
		8878850ED8D19FAB9F97C751 /* PBXContainerItemProxy */ = {
			isa = PBXContainerItemProxy;
			containerPortal = 98F54143AB4E86B28C3AFEE0 /* Project object */;
			proxyType = 1;
			remoteGlobalIDString = C6780A6EB1F0ECC58DB44869;
			remoteInfo = "PaceOff Watch App";
		};
/* End PBXContainerItemProxy section */

/* Begin PBXCopyFilesBuildPhase section */
		AE1DE2DF05046CA0C9913D9A /* Embed Foundation Extensions */ = {
			isa = PBXCopyFilesBuildPhase;
			buildActionMask = 2147483647;
			dstPath = "";
			dstSubfolderSpec = 13;
			files = (
				F32CE7480525EBFF9992D6F7 /* PaceOffWidget.appex in Embed Foundation Extensions */,
				AE296AB16EC10FF409E0FDDD /* PaceOff Watch App.app in Embed Foundation Extensions */,
			);
			name = "Embed Foundation Extensions";
			runOnlyForDeploymentPostprocessing = 0;
		};
/* End PBXCopyFilesBuildPhase section */

/* Begin PBXFileReference section */
		020DA95E7BEAE65EB4A19071 /* Preview Content */ = {isa = PBXFileReference; lastKnownFileType = folder; path = "Preview Content"; sourceTree = "<group>"; };
		036B7996CCDEF92C0612E4D9 /* PaceOff Watch App.app */ = {isa = PBXFileReference; explicitFileType = wrapper.application; includeInIndex = 0; path = "PaceOff Watch App.app"; sourceTree = BUILT_PRODUCTS_DIR; };
		043A1B595DCF79105E42EACA /* PaceOffWidgetBundle.swift */ = {isa = PBXFileReference; lastKnownFileType = sourcecode.swift; path = PaceOffWidgetBundle.swift; sourceTree = "<group>"; };
		1D334510E36F2E3BD3918B10 /* WidgetKit.framework */ = {isa = PBXFileReference; lastKnownFileType = wrapper.framework; name = WidgetKit.framework; path = System/Library/Frameworks/WidgetKit.framework; sourceTree = SDKROOT; };
		1FCBE6C52DC0E9940EF65B15 /* Assets.xcassets */ = {isa = PBXFileReference; lastKnownFileType = folder.assetcatalog; path = Assets.xcassets; sourceTree = "<group>"; };
		26CBF7022052396834DBB5B8 /* NotificationScheduler.swift */ = {isa = PBXFileReference; lastKnownFileType = sourcecode.swift; path = NotificationScheduler.swift; sourceTree = "<group>"; };
		26F3445CC4043DFB144A6E8E /* VoiceCopy.swift */ = {isa = PBXFileReference; lastKnownFileType = sourcecode.swift; path = VoiceCopy.swift; sourceTree = "<group>"; };
		27F3EE360E48297AAFC97078 /* PushTargetEngineTests.swift */ = {isa = PBXFileReference; lastKnownFileType = sourcecode.swift; path = PushTargetEngineTests.swift; sourceTree = "<group>"; };
		29C6C9D2B66CDEDF44E50003 /* PaceOffWatch.entitlements */ = {isa = PBXFileReference; lastKnownFileType = text.plist.entitlements; path = PaceOffWatch.entitlements; sourceTree = "<group>"; };
		2DCD52BC910E9B4F6A825D2F /* Assets.xcassets */ = {isa = PBXFileReference; lastKnownFileType = folder.assetcatalog; path = Assets.xcassets; sourceTree = "<group>"; };
		43E300D32D9F9EDED7949068 /* PaceOffWidget.appex */ = {isa = PBXFileReference; explicitFileType = "wrapper.app-extension"; includeInIndex = 0; path = PaceOffWidget.appex; sourceTree = BUILT_PRODUCTS_DIR; };
		46D91DCDC8EEC8DBD9E6C5B9 /* PaceOff.app */ = {isa = PBXFileReference; explicitFileType = wrapper.application; includeInIndex = 0; path = PaceOff.app; sourceTree = BUILT_PRODUCTS_DIR; };
		48E7550CAD9C4D79751C95EA /* AppGroup.swift */ = {isa = PBXFileReference; lastKnownFileType = sourcecode.swift; path = AppGroup.swift; sourceTree = "<group>"; };
		5AB9CA2CEF907EDC03F2E90E /* Tone.swift */ = {isa = PBXFileReference; lastKnownFileType = sourcecode.swift; path = Tone.swift; sourceTree = "<group>"; };
		5BB40FCF9B0DBBDF25607A12 /* PaceOff.entitlements */ = {isa = PBXFileReference; lastKnownFileType = text.plist.entitlements; path = PaceOff.entitlements; sourceTree = "<group>"; };
		5F4055F960C4CCD419649518 /* HealthKit.framework */ = {isa = PBXFileReference; lastKnownFileType = wrapper.framework; name = HealthKit.framework; path = System/Library/Frameworks/HealthKit.framework; sourceTree = SDKROOT; };
		6143C4C2167AC7C220DCC543 /* PaceOffWidget.entitlements */ = {isa = PBXFileReference; lastKnownFileType = text.plist.entitlements; path = PaceOffWidget.entitlements; sourceTree = "<group>"; };
		7385B3E565CA63C5F8B9180D /* RunRecord.swift */ = {isa = PBXFileReference; lastKnownFileType = sourcecode.swift; path = RunRecord.swift; sourceTree = "<group>"; };
		74AD6A73BE659740953F5C2C /* RunDetailView.swift */ = {isa = PBXFileReference; lastKnownFileType = sourcecode.swift; path = RunDetailView.swift; sourceTree = "<group>"; };
		7913F344AA2E6482DE332D51 /* TodayViewModel.swift */ = {isa = PBXFileReference; lastKnownFileType = sourcecode.swift; path = TodayViewModel.swift; sourceTree = "<group>"; };
		82B821D599F8B70C132DC15E /* PaceOffWatchApp.swift */ = {isa = PBXFileReference; lastKnownFileType = sourcecode.swift; path = PaceOffWatchApp.swift; sourceTree = "<group>"; };
		82BDC057083015101B1E193D /* Assets.xcassets */ = {isa = PBXFileReference; lastKnownFileType = folder.assetcatalog; path = Assets.xcassets; sourceTree = "<group>"; };
		84B54EC06446159F25246014 /* HistoryView.swift */ = {isa = PBXFileReference; lastKnownFileType = sourcecode.swift; path = HistoryView.swift; sourceTree = "<group>"; };
		92ED6E156A6562B097BCDF24 /* VO2MaxSnapshot.swift */ = {isa = PBXFileReference; lastKnownFileType = sourcecode.swift; path = VO2MaxSnapshot.swift; sourceTree = "<group>"; };
		9A1483062F9BE34C005C9216 /* README.md */ = {isa = PBXFileReference; lastKnownFileType = net.daringfireball.markdown; path = README.md; sourceTree = "<group>"; };
		9A1483072F9BE34F005C9216 /* .gitignore */ = {isa = PBXFileReference; lastKnownFileType = text; path = .gitignore; sourceTree = "<group>"; };
		9A6780042FB65439003D84FB /* UserProfile.swift */ = {isa = PBXFileReference; lastKnownFileType = sourcecode.swift; path = UserProfile.swift; sourceTree = "<group>"; };
		9A81B3592FA7BB9400F66DD8 /* AppleIntelligenceCopy.swift */ = {isa = PBXFileReference; lastKnownFileType = sourcecode.swift; path = AppleIntelligenceCopy.swift; sourceTree = "<group>"; };
		9A81B35A2FA7BB9400F66DD8 /* BackgroundRefreshService.swift */ = {isa = PBXFileReference; lastKnownFileType = sourcecode.swift; path = BackgroundRefreshService.swift; sourceTree = "<group>"; };
		A16055B88F40FC03BF4E72C3 /* SettingsView.swift */ = {isa = PBXFileReference; lastKnownFileType = sourcecode.swift; path = SettingsView.swift; sourceTree = "<group>"; };
		A2423B4D58965EA517FB7665 /* Info.plist */ = {isa = PBXFileReference; lastKnownFileType = text.plist.xml; path = Info.plist; sourceTree = "<group>"; };
		A93BE2C372C1F5CBDCF4BD34 /* PushTargetEngine.swift */ = {isa = PBXFileReference; lastKnownFileType = sourcecode.swift; path = PushTargetEngine.swift; sourceTree = "<group>"; };
		A9C8BD20DBCF3DE0BC3E27FB /* PostRunView.swift */ = {isa = PBXFileReference; lastKnownFileType = sourcecode.swift; path = PostRunView.swift; sourceTree = "<group>"; };
		B53DF820D28123DA59768D65 /* TodayView.swift */ = {isa = PBXFileReference; lastKnownFileType = sourcecode.swift; path = TodayView.swift; sourceTree = "<group>"; };
		BF31D94A4E0621E9FD66337D /* PaceOffApp.swift */ = {isa = PBXFileReference; lastKnownFileType = sourcecode.swift; path = PaceOffApp.swift; sourceTree = "<group>"; };
		C126EFA0AA92ABA55D2716B6 /* OnboardingView.swift */ = {isa = PBXFileReference; lastKnownFileType = sourcecode.swift; path = OnboardingView.swift; sourceTree = "<group>"; };
		CD6490AF2FB650FD006E69CF /* ProfileEditView.swift */ = {isa = PBXFileReference; lastKnownFileType = sourcecode.swift; path = ProfileEditView.swift; sourceTree = "<group>"; };
		CD6490B02FB650FD006E69CF /* ProfileView.swift */ = {isa = PBXFileReference; lastKnownFileType = sourcecode.swift; path = ProfileView.swift; sourceTree = "<group>"; };
		CD6490B32FB6510E006E69CF /* AppleSignInService.swift */ = {isa = PBXFileReference; lastKnownFileType = sourcecode.swift; path = AppleSignInService.swift; sourceTree = "<group>"; };
		CD6490B42FB6510E006E69CF /* ProfileStore.swift */ = {isa = PBXFileReference; lastKnownFileType = sourcecode.swift; path = ProfileStore.swift; sourceTree = "<group>"; };
		CD8F5A0E0CD5262B0AC94150 /* SwiftUI.framework */ = {isa = PBXFileReference; lastKnownFileType = wrapper.framework; name = SwiftUI.framework; path = System/Library/Frameworks/SwiftUI.framework; sourceTree = SDKROOT; };
		D0CBE1EC823560360FC3672F /* RootView.swift */ = {isa = PBXFileReference; lastKnownFileType = sourcecode.swift; path = RootView.swift; sourceTree = "<group>"; };
		D34453E5DF50D54376CC881C /* RunningWorkoutView.swift */ = {isa = PBXFileReference; lastKnownFileType = sourcecode.swift; path = RunningWorkoutView.swift; sourceTree = "<group>"; };
		D836CB6C801789727BDF64C1 /* Info.plist */ = {isa = PBXFileReference; lastKnownFileType = text.plist.xml; path = Info.plist; sourceTree = "<group>"; };
		DAEEC655149AEED4C739ACFC /* PaceOffWidget.swift */ = {isa = PBXFileReference; lastKnownFileType = sourcecode.swift; path = PaceOffWidget.swift; sourceTree = "<group>"; };
		E128DDE1ED66CC2E99C84C32 /* PaceOffTests.xctest */ = {isa = PBXFileReference; explicitFileType = wrapper.cfbundle; includeInIndex = 0; path = PaceOffTests.xctest; sourceTree = BUILT_PRODUCTS_DIR; };
		EA890BA5322C7F75FF2DDD4A /* WatchTodayView.swift */ = {isa = PBXFileReference; lastKnownFileType = sourcecode.swift; path = WatchTodayView.swift; sourceTree = "<group>"; };
		EB3E0B037B9E932E46109271 /* RunTarget.swift */ = {isa = PBXFileReference; lastKnownFileType = sourcecode.swift; path = RunTarget.swift; sourceTree = "<group>"; };
		EC4E5CE0B74330F1F0A426B5 /* WorkoutSessionManager.swift */ = {isa = PBXFileReference; lastKnownFileType = sourcecode.swift; path = WorkoutSessionManager.swift; sourceTree = "<group>"; };
		EFDA8AB453760961873D4816 /* Info.plist */ = {isa = PBXFileReference; lastKnownFileType = text.plist.xml; path = Info.plist; sourceTree = "<group>"; };
		F5ECF91504783637C6E1AAFE /* VO2MaxDetailView.swift */ = {isa = PBXFileReference; lastKnownFileType = sourcecode.swift; path = VO2MaxDetailView.swift; sourceTree = "<group>"; };
		FD50DC96C723A45DEF2F2E84 /* TrendsView.swift */ = {isa = PBXFileReference; lastKnownFileType = sourcecode.swift; path = TrendsView.swift; sourceTree = "<group>"; };
		FDA87313DFA425D1345A5393 /* HealthKitService.swift */ = {isa = PBXFileReference; lastKnownFileType = sourcecode.swift; path = HealthKitService.swift; sourceTree = "<group>"; };
/* End PBXFileReference section */

/* Begin PBXFrameworksBuildPhase section */
		037B6F5E629EE3920971F6CB /* Frameworks */ = {
			isa = PBXFrameworksBuildPhase;
			buildActionMask = 2147483647;
			files = (
				6C9BE719A34DBB7AE93AB574 /* HealthKit.framework in Frameworks */,
			);
			runOnlyForDeploymentPostprocessing = 0;
		};
		60F4F1A76325616D43845341 /* Frameworks */ = {
			isa = PBXFrameworksBuildPhase;
			buildActionMask = 2147483647;
			files = (
				210B437CD9276CBAD4998032 /* HealthKit.framework in Frameworks */,
			);
			runOnlyForDeploymentPostprocessing = 0;
		};
		61198F788E2F78EB66C94192 /* Frameworks */ = {
			isa = PBXFrameworksBuildPhase;
			buildActionMask = 2147483647;
			files = (
			);
			runOnlyForDeploymentPostprocessing = 0;
		};
		D405949D064DB2C541839482 /* Frameworks */ = {
			isa = PBXFrameworksBuildPhase;
			buildActionMask = 2147483647;
			files = (
				3516D11791F99193B9D5666F /* WidgetKit.framework in Frameworks */,
				29D92F29032E319F511BAF71 /* SwiftUI.framework in Frameworks */,
			);
			runOnlyForDeploymentPostprocessing = 0;
		};
/* End PBXFrameworksBuildPhase section */

/* Begin PBXGroup section */
		36FB5C7350756CBDDA156C23 /* ViewModels */ = {
			isa = PBXGroup;
			children = (
				7913F344AA2E6482DE332D51 /* TodayViewModel.swift */,
			);
			path = ViewModels;
			sourceTree = "<group>";
		};
		392F9C92BE1EC63E9232DFD1 /* PaceOffTests */ = {
			isa = PBXGroup;
			children = (
				27F3EE360E48297AAFC97078 /* PushTargetEngineTests.swift */,
			);
			path = PaceOffTests;
			sourceTree = "<group>";
		};
		3BD040E73E6B117A0431A6B4 /* Frameworks */ = {
			isa = PBXGroup;
			children = (
				5F4055F960C4CCD419649518 /* HealthKit.framework */,
				1D334510E36F2E3BD3918B10 /* WidgetKit.framework */,
				CD8F5A0E0CD5262B0AC94150 /* SwiftUI.framework */,
			);
			name = Frameworks;
			sourceTree = "<group>";
		};
		402F47257BAF7B56BBBD0CDC /* PaceOffShared */ = {
			isa = PBXGroup;
			children = (
				9A6780042FB65439003D84FB /* UserProfile.swift */,
				48E7550CAD9C4D79751C95EA /* AppGroup.swift */,
				A93BE2C372C1F5CBDCF4BD34 /* PushTargetEngine.swift */,
				7385B3E565CA63C5F8B9180D /* RunRecord.swift */,
				EB3E0B037B9E932E46109271 /* RunTarget.swift */,
				5AB9CA2CEF907EDC03F2E90E /* Tone.swift */,
				92ED6E156A6562B097BCDF24 /* VO2MaxSnapshot.swift */,
				26F3445CC4043DFB144A6E8E /* VoiceCopy.swift */,
			);
			path = PaceOffShared;
			sourceTree = "<group>";
		};
		42D666989E875456DD59CE01 /* PaceOffWidget */ = {
			isa = PBXGroup;
			children = (
				2DCD52BC910E9B4F6A825D2F /* Assets.xcassets */,
				EFDA8AB453760961873D4816 /* Info.plist */,
				6143C4C2167AC7C220DCC543 /* PaceOffWidget.entitlements */,
				DAEEC655149AEED4C739ACFC /* PaceOffWidget.swift */,
				043A1B595DCF79105E42EACA /* PaceOffWidgetBundle.swift */,
			);
			path = PaceOffWidget;
			sourceTree = "<group>";
		};
		43931CF8D8FF624E4C75AE32 /* Products */ = {
			isa = PBXGroup;
			children = (
				46D91DCDC8EEC8DBD9E6C5B9 /* PaceOff.app */,
				036B7996CCDEF92C0612E4D9 /* PaceOff Watch App.app */,
				43E300D32D9F9EDED7949068 /* PaceOffWidget.appex */,
				E128DDE1ED66CC2E99C84C32 /* PaceOffTests.xctest */,
			);
			name = Products;
			sourceTree = "<group>";
		};
		4998A94FFB15E51ADEDB675F /* Views */ = {
			isa = PBXGroup;
			children = (
				A9C8BD20DBCF3DE0BC3E27FB /* PostRunView.swift */,
				D34453E5DF50D54376CC881C /* RunningWorkoutView.swift */,
				EA890BA5322C7F75FF2DDD4A /* WatchTodayView.swift */,
			);
			path = Views;
			sourceTree = "<group>";
		};
		4EAA3FDECAC6B664005F5FA5 /* Services */ = {
			isa = PBXGroup;
			children = (
				CD6490B32FB6510E006E69CF /* AppleSignInService.swift */,
				CD6490B42FB6510E006E69CF /* ProfileStore.swift */,
				9A81B3592FA7BB9400F66DD8 /* AppleIntelligenceCopy.swift */,
				9A81B35A2FA7BB9400F66DD8 /* BackgroundRefreshService.swift */,
				FDA87313DFA425D1345A5393 /* HealthKitService.swift */,
				26CBF7022052396834DBB5B8 /* NotificationScheduler.swift */,
			);
			path = Services;
			sourceTree = "<group>";
		};
		7A2EC94370130A543343FD95 /* Services */ = {
			isa = PBXGroup;
			children = (
				EC4E5CE0B74330F1F0A426B5 /* WorkoutSessionManager.swift */,
			);
			path = Services;
			sourceTree = "<group>";
		};
		B64780532466C0821EAE5535 /* Views */ = {
			isa = PBXGroup;
			children = (
				CD6490AF2FB650FD006E69CF /* ProfileEditView.swift */,
				CD6490B02FB650FD006E69CF /* ProfileView.swift */,
				84B54EC06446159F25246014 /* HistoryView.swift */,
				C126EFA0AA92ABA55D2716B6 /* OnboardingView.swift */,
				D0CBE1EC823560360FC3672F /* RootView.swift */,
				74AD6A73BE659740953F5C2C /* RunDetailView.swift */,
				A16055B88F40FC03BF4E72C3 /* SettingsView.swift */,
				B53DF820D28123DA59768D65 /* TodayView.swift */,
				FD50DC96C723A45DEF2F2E84 /* TrendsView.swift */,
				F5ECF91504783637C6E1AAFE /* VO2MaxDetailView.swift */,
			);
			path = Views;
			sourceTree = "<group>";
		};
		DFE2B2AE5DE533EC44853783 /* PaceOff */ = {
			isa = PBXGroup;
			children = (
				4EAA3FDECAC6B664005F5FA5 /* Services */,
				36FB5C7350756CBDDA156C23 /* ViewModels */,
				B64780532466C0821EAE5535 /* Views */,
				82BDC057083015101B1E193D /* Assets.xcassets */,
				D836CB6C801789727BDF64C1 /* Info.plist */,
				5BB40FCF9B0DBBDF25607A12 /* PaceOff.entitlements */,
				BF31D94A4E0621E9FD66337D /* PaceOffApp.swift */,
				020DA95E7BEAE65EB4A19071 /* Preview Content */,
			);
			path = PaceOff;
			sourceTree = "<group>";
		};
		E7872E98990A3BF379C4B6B5 /* PaceOffWatch Watch App */ = {
			isa = PBXGroup;
			children = (
				7A2EC94370130A543343FD95 /* Services */,
				4998A94FFB15E51ADEDB675F /* Views */,
				1FCBE6C52DC0E9940EF65B15 /* Assets.xcassets */,
				A2423B4D58965EA517FB7665 /* Info.plist */,
				29C6C9D2B66CDEDF44E50003 /* PaceOffWatch.entitlements */,
				82B821D599F8B70C132DC15E /* PaceOffWatchApp.swift */,
			);
			path = "PaceOffWatch Watch App";
			sourceTree = "<group>";
		};
		FBE9CC82CC687DA227D2AA54 = {
			isa = PBXGroup;
			children = (
				DFE2B2AE5DE533EC44853783 /* PaceOff */,
				402F47257BAF7B56BBBD0CDC /* PaceOffShared */,
				E7872E98990A3BF379C4B6B5 /* PaceOffWatch Watch App */,
				42D666989E875456DD59CE01 /* PaceOffWidget */,
				392F9C92BE1EC63E9232DFD1 /* PaceOffTests */,
				3BD040E73E6B117A0431A6B4 /* Frameworks */,
				43931CF8D8FF624E4C75AE32 /* Products */,
				9A1483062F9BE34C005C9216 /* README.md */,
				9A1483072F9BE34F005C9216 /* .gitignore */,
			);
			sourceTree = "<group>";
		};
/* End PBXGroup section */

/* Begin PBXNativeTarget section */
		7A0B3541B292814C95463D53 /* PaceOffTests */ = {
			isa = PBXNativeTarget;
			buildConfigurationList = 16F3B012C14FB9DB2792C89D /* Build configuration list for PBXNativeTarget "PaceOffTests" */;
			buildPhases = (
				7220EC9372B71BA8620EBCF1 /* Sources */,
				61198F788E2F78EB66C94192 /* Frameworks */,
				4A0D592DF231DF3138C0C58E /* Resources */,
			);
			buildRules = (
			);
			dependencies = (
				DA1ED45C9D734776EB386671 /* PBXTargetDependency */,
			);
			name = PaceOffTests;
			productName = PaceOffTests;
			productReference = E128DDE1ED66CC2E99C84C32 /* PaceOffTests.xctest */;
			productType = "com.apple.product-type.bundle.unit-test";
		};
		C0A22F8F6C2EBA161F532704 /* PaceOffWidget */ = {
			isa = PBXNativeTarget;
			buildConfigurationList = CB3E9879FB35E5E8BA6C41A5 /* Build configuration list for PBXNativeTarget "PaceOffWidget" */;
			buildPhases = (
				6227BDDEADC7F1051A289B80 /* Sources */,
				D405949D064DB2C541839482 /* Frameworks */,
				AE16B94378B2164B00C9B5A0 /* Resources */,
			);
			buildRules = (
			);
			dependencies = (
			);
			name = PaceOffWidget;
			productName = PaceOffWidget;
			productReference = 43E300D32D9F9EDED7949068 /* PaceOffWidget.appex */;
			productType = "com.apple.product-type.app-extension";
		};
		C36EDF00769C180FFC5E76E5 /* PaceOff */ = {
			isa = PBXNativeTarget;
			buildConfigurationList = E58136A19DC11288A6ACEA8E /* Build configuration list for PBXNativeTarget "PaceOff" */;
			buildPhases = (
				F69A5FDEF19FE200135C3614 /* Sources */,
				60F4F1A76325616D43845341 /* Frameworks */,
				4379614912BC4E52E93B22BA /* Resources */,
				AE1DE2DF05046CA0C9913D9A /* Embed Foundation Extensions */,
			);
			buildRules = (
			);
			dependencies = (
				1DD4A09FA0353F911428AB7D /* PBXTargetDependency */,
				CF26A0FB024A679B5A690B4B /* PBXTargetDependency */,
			);
			name = PaceOff;
			productName = PaceOff;
			productReference = 46D91DCDC8EEC8DBD9E6C5B9 /* PaceOff.app */;
			productType = "com.apple.product-type.application";
		};
		C6780A6EB1F0ECC58DB44869 /* PaceOff Watch App */ = {
			isa = PBXNativeTarget;
			buildConfigurationList = A0668F910FB80E86E69283C5 /* Build configuration list for PBXNativeTarget "PaceOff Watch App" */;
			buildPhases = (
				2F73213CC7E359BA2B0ECAB9 /* Sources */,
				037B6F5E629EE3920971F6CB /* Frameworks */,
				B4F1F6F619B50364227F4A70 /* Resources */,
			);
			buildRules = (
			);
			dependencies = (
			);
			name = "PaceOff Watch App";
			productName = "PaceOff Watch App";
			productReference = 036B7996CCDEF92C0612E4D9 /* PaceOff Watch App.app */;
			productType = "com.apple.product-type.application";
		};
/* End PBXNativeTarget section */

/* Begin PBXProject section */
		98F54143AB4E86B28C3AFEE0 /* Project object */ = {
			isa = PBXProject;
			attributes = {
				BuildIndependentTargetsInParallel = YES;
				LastSwiftUpdateCheck = 1700;
				LastUpgradeCheck = 1700;
				TargetAttributes = {
					7A0B3541B292814C95463D53 = {
						CreatedOnToolsVersion = 16.0;
						TestTargetID = C36EDF00769C180FFC5E76E5;
					};
					C0A22F8F6C2EBA161F532704 = {
						CreatedOnToolsVersion = 16.0;
					};
					C36EDF00769C180FFC5E76E5 = {
						CreatedOnToolsVersion = 16.0;
					};
					C6780A6EB1F0ECC58DB44869 = {
						CreatedOnToolsVersion = 16.0;
					};
				};
			};
			buildConfigurationList = 8B4434FB74E6D83D3FCDD6F8 /* Build configuration list for PBXProject "PaceOff" */;
			compatibilityVersion = "Xcode 14.0";
			developmentRegion = en;
			hasScannedForEncodings = 0;
			knownRegions = (
				en,
				Base,
			);
			mainGroup = FBE9CC82CC687DA227D2AA54;
			productRefGroup = 43931CF8D8FF624E4C75AE32 /* Products */;
			projectDirPath = "";
			projectRoot = "";
			targets = (
				C36EDF00769C180FFC5E76E5 /* PaceOff */,
				C6780A6EB1F0ECC58DB44869 /* PaceOff Watch App */,
				C0A22F8F6C2EBA161F532704 /* PaceOffWidget */,
				7A0B3541B292814C95463D53 /* PaceOffTests */,
			);
		};
/* End PBXProject section */

/* Begin PBXResourcesBuildPhase section */
		4379614912BC4E52E93B22BA /* Resources */ = {
			isa = PBXResourcesBuildPhase;
			buildActionMask = 2147483647;
			files = (
				D23368B4BFAE33FD71245E7F /* Assets.xcassets in Resources */,
				BA716F7EC2B7F31275EC13D4 /* Preview Content in Resources */,
			);
			runOnlyForDeploymentPostprocessing = 0;
		};
		4A0D592DF231DF3138C0C58E /* Resources */ = {
			isa = PBXResourcesBuildPhase;
			buildActionMask = 2147483647;
			files = (
			);
			runOnlyForDeploymentPostprocessing = 0;
		};
		AE16B94378B2164B00C9B5A0 /* Resources */ = {
			isa = PBXResourcesBuildPhase;
			buildActionMask = 2147483647;
			files = (
				BE23702015E49DE7EE9A5F63 /* Assets.xcassets in Resources */,
			);
			runOnlyForDeploymentPostprocessing = 0;
		};
		B4F1F6F619B50364227F4A70 /* Resources */ = {
			isa = PBXResourcesBuildPhase;
			buildActionMask = 2147483647;
			files = (
				8862D5D70C68312EA7E1F331 /* Assets.xcassets in Resources */,
			);
			runOnlyForDeploymentPostprocessing = 0;
		};
/* End PBXResourcesBuildPhase section */

/* Begin PBXSourcesBuildPhase section */
		2F73213CC7E359BA2B0ECAB9 /* Sources */ = {
			isa = PBXSourcesBuildPhase;
			buildActionMask = 2147483647;
			files = (
				6089FEE24EBE3804829E58B5 /* PaceOffWatchApp.swift in Sources */,
				38869D705CD6A348D6109102 /* WorkoutSessionManager.swift in Sources */,
				9A6780072FB65439003D84FB /* UserProfile.swift in Sources */,
				AEDD36E044461085BFDC5766 /* PostRunView.swift in Sources */,
				E226DC26A5AFD7DA8D0E9D9F /* RunningWorkoutView.swift in Sources */,
				06BE5907FDC7E84DC70D680D /* WatchTodayView.swift in Sources */,
				76B5D25B64F92FA359EF2921 /* AppGroup.swift in Sources */,
				E20CFC48BDF19898CAB00164 /* PushTargetEngine.swift in Sources */,
				329511A4E941AE15245BF043 /* RunRecord.swift in Sources */,
				9A81B35B2FA7BB9400F66DD8 /* AppleIntelligenceCopy.swift in Sources */,
				38A530E48DE95595582211FA /* RunTarget.swift in Sources */,
				C0F4D98A1EC1D36BFF9E079F /* Tone.swift in Sources */,
				26EB1093C6522919AD0E6E74 /* VO2MaxSnapshot.swift in Sources */,
				4F6025F22D81181885595E0D /* VoiceCopy.swift in Sources */,
			);
			runOnlyForDeploymentPostprocessing = 0;
		};
		6227BDDEADC7F1051A289B80 /* Sources */ = {
			isa = PBXSourcesBuildPhase;
			buildActionMask = 2147483647;
			files = (
				5393041461115E5569104B1B /* PaceOffWidget.swift in Sources */,
				9A81B35D2FA7BB9400F66DD8 /* AppleIntelligenceCopy.swift in Sources */,
				145CE6ED3EF794626D8AE087 /* PaceOffWidgetBundle.swift in Sources */,
				CF488859E369A0601E50B9BF /* AppGroup.swift in Sources */,
				C3F6C13FAF108C6A4C829143 /* PushTargetEngine.swift in Sources */,
				9A6780062FB65439003D84FB /* UserProfile.swift in Sources */,
				4DDAEB789C5E2230F3813401 /* RunRecord.swift in Sources */,
				A5FDE5453A8109D8B6B2F74F /* RunTarget.swift in Sources */,
				D50B1DF6EEAEFED96DEF2A10 /* Tone.swift in Sources */,
				92F30B0BCBA9380AD8A8CC0F /* VO2MaxSnapshot.swift in Sources */,
				E6DDD5AA59560023D889724A /* VoiceCopy.swift in Sources */,
			);
			runOnlyForDeploymentPostprocessing = 0;
		};
		7220EC9372B71BA8620EBCF1 /* Sources */ = {
			isa = PBXSourcesBuildPhase;
			buildActionMask = 2147483647;
			files = (
				2EDEC13DD7154078F5F7F5A6 /* PushTargetEngineTests.swift in Sources */,
			);
			runOnlyForDeploymentPostprocessing = 0;
		};
		F69A5FDEF19FE200135C3614 /* Sources */ = {
			isa = PBXSourcesBuildPhase;
			buildActionMask = 2147483647;
			files = (
				3C7168796BA778D209C98719 /* PaceOffApp.swift in Sources */,
				264559AF538464F67901D236 /* HealthKitService.swift in Sources */,
				5B5F1DDCEDFBB301086E9275 /* NotificationScheduler.swift in Sources */,
				E958F83681B00C60763BE484 /* TodayViewModel.swift in Sources */,
				E8F5110826A0FCB6C3E62CF3 /* HistoryView.swift in Sources */,
				771219521B5A771E43CB74C7 /* OnboardingView.swift in Sources */,
				1E74F03CD2DA53BFC11ACFD4 /* RootView.swift in Sources */,
				80C937596DD24C465284E559 /* RunDetailView.swift in Sources */,
				4412C5DDAAA37C34C39B902D /* SettingsView.swift in Sources */,
				0E2586C4B9088DCD2B493D55 /* TodayView.swift in Sources */,
				D22A137180C4A2E96F15E64C /* TrendsView.swift in Sources */,
				9A81B35F2FA7BB9400F66DD8 /* AppleIntelligenceCopy.swift in Sources */,
				9A81B3602FA7BB9400F66DD8 /* BackgroundRefreshService.swift in Sources */,
				728663FD7308C17E74CDEC37 /* VO2MaxDetailView.swift in Sources */,
				23826306BC67A54A72AC75BD /* AppGroup.swift in Sources */,
				27A1D4A01DCFFACBC951800E /* PushTargetEngine.swift in Sources */,
				9A6780052FB65439003D84FB /* UserProfile.swift in Sources */,
				B69204D3081BCC6F50A00554 /* RunRecord.swift in Sources */,
				CD6490B52FB6510E006E69CF /* ProfileStore.swift in Sources */,
				CD6490B62FB6510E006E69CF /* AppleSignInService.swift in Sources */,
				632E81B0146984E038FF2CAC /* RunTarget.swift in Sources */,
				B64D6F2E59E9BB4F4CE76A5E /* Tone.swift in Sources */,
				F434822A51BAAB2D0B3A3FCD /* VO2MaxSnapshot.swift in Sources */,
				CD6490B12FB650FD006E69CF /* ProfileEditView.swift in Sources */,
				CD6490B22FB650FD006E69CF /* ProfileView.swift in Sources */,
				6D9DE30A02179420FED9B2C2 /* VoiceCopy.swift in Sources */,
			);
			runOnlyForDeploymentPostprocessing = 0;
		};
/* End PBXSourcesBuildPhase section */

/* Begin PBXTargetDependency section */
		1DD4A09FA0353F911428AB7D /* PBXTargetDependency */ = {
			isa = PBXTargetDependency;
			target = C0A22F8F6C2EBA161F532704 /* PaceOffWidget */;
			targetProxy = 54A38E525A5E6657EEC807E9 /* PBXContainerItemProxy */;
		};
		CF26A0FB024A679B5A690B4B /* PBXTargetDependency */ = {
			isa = PBXTargetDependency;
			target = C6780A6EB1F0ECC58DB44869 /* PaceOff Watch App */;
			targetProxy = 8878850ED8D19FAB9F97C751 /* PBXContainerItemProxy */;
		};
		DA1ED45C9D734776EB386671 /* PBXTargetDependency */ = {
			isa = PBXTargetDependency;
			target = C36EDF00769C180FFC5E76E5 /* PaceOff */;
			targetProxy = 3E7C9D847016609B9A3D5D6D /* PBXContainerItemProxy */;
		};
/* End PBXTargetDependency section */

/* Begin XCBuildConfiguration section */
		109AC96B42A664F0B60DB27D /* Release */ = {
			isa = XCBuildConfiguration;
			buildSettings = {
				ASSETCATALOG_COMPILER_APPICON_NAME = AppIcon;
				BUNDLE_LOADER = "$(TEST_HOST)";
				CODE_SIGN_STYLE = Automatic;
				CURRENT_PROJECT_VERSION = 1;
				DEVELOPMENT_TEAM = "";
				GENERATE_INFOPLIST_FILE = YES;
				INFOPLIST_KEY_CFBundleDisplayName = PaceOffTests;
				IPHONEOS_DEPLOYMENT_TARGET = 26.0;
				LD_RUNPATH_SEARCH_PATHS = (
					"$(inherited)",
					"@executable_path/Frameworks",
				);
				MARKETING_VERSION = 1.0.0;
				PRODUCT_BUNDLE_IDENTIFIER = com.paceoff.app.tests;
				PRODUCT_NAME = "$(TARGET_NAME)";
				SDKROOT = iphoneos;
				SUPPORTED_PLATFORMS = "iphoneos iphonesimulator";
				SUPPORTS_MACCATALYST = NO;
				SWIFT_EMIT_LOC_STRINGS = YES;
				SWIFT_VERSION = 5.0;
				TARGETED_DEVICE_FAMILY = "1,2";
				TEST_HOST = "$(BUILT_PRODUCTS_DIR)/PaceOff.app/$(BUNDLE_EXECUTABLE_FOLDER_PATH)/PaceOff";
			};
			name = Release;
		};
		31A43B7F78AEFBF672E72F97 /* Debug */ = {
			isa = XCBuildConfiguration;
			buildSettings = {
				ALWAYS_SEARCH_USER_PATHS = NO;
				CLANG_ANALYZER_NONNULL = YES;
				CLANG_CXX_LANGUAGE_STANDARD = "gnu++20";
				CLANG_ENABLE_MODULES = YES;
				CLANG_ENABLE_OBJC_ARC = YES;
				COPY_PHASE_STRIP = NO;
				CURRENT_PROJECT_VERSION = 1;
				DEBUG_INFORMATION_FORMAT = dwarf;
				DEVELOPMENT_TEAM = "";
				ENABLE_TESTABILITY = YES;
				ENABLE_USER_SCRIPT_SANDBOXING = NO;
				GCC_OPTIMIZATION_LEVEL = 0;
				GCC_PREPROCESSOR_DEFINITIONS = (
					"DEBUG=1",
					"$(inherited)",
				);
				IPHONEOS_DEPLOYMENT_TARGET = 26.0;
				MARKETING_VERSION = 1.0.0;
				ONLY_ACTIVE_ARCH = YES;
				SDKROOT = iphoneos;
				SWIFT_ACTIVE_COMPILATION_CONDITIONS = DEBUG;
				SWIFT_OPTIMIZATION_LEVEL = "-Onone";
				SWIFT_STRICT_CONCURRENCY = minimal;
				SWIFT_VERSION = 5.0;
				WATCHOS_DEPLOYMENT_TARGET = 26.0;
			};
			name = Debug;
		};
		5B3013142CC075FE6AA5E930 /* Release */ = {
			isa = XCBuildConfiguration;
			buildSettings = {
				ASSETCATALOG_COMPILER_APPICON_NAME = AppIcon;
				CODE_SIGN_ENTITLEMENTS = "PaceOffWatch Watch App/PaceOffWatch.entitlements";
				CODE_SIGN_STYLE = Automatic;
				CURRENT_PROJECT_VERSION = 1;
				DEVELOPMENT_TEAM = 795P7M623R;
				GENERATE_INFOPLIST_FILE = NO;
				INFOPLIST_FILE = "PaceOffWatch Watch App/Info.plist";
				LD_RUNPATH_SEARCH_PATHS = (
					"$(inherited)",
					"@executable_path/Frameworks",
					"@executable_path/PlugIns",
				);
				MARKETING_VERSION = 1.0.0;
				PRODUCT_BUNDLE_IDENTIFIER = com.paceoff.app.watchkitapp;
				PRODUCT_NAME = "$(TARGET_NAME)";
				SDKROOT = watchos;
				SUPPORTED_PLATFORMS = "watchos watchsimulator";
				SUPPORTS_MACCATALYST = NO;
				SWIFT_EMIT_LOC_STRINGS = YES;
				SWIFT_VERSION = 5.0;
				TARGETED_DEVICE_FAMILY = 4;
				WATCHOS_DEPLOYMENT_TARGET = 26.0;
			};
			name = Release;
		};
		9A98016E09D5569C60AB22DC /* Debug */ = {
			isa = XCBuildConfiguration;
			buildSettings = {
				ASSETCATALOG_COMPILER_APPICON_NAME = AppIcon;
				CODE_SIGN_ENTITLEMENTS = PaceOffWidget/PaceOffWidget.entitlements;
				CODE_SIGN_STYLE = Automatic;
				CURRENT_PROJECT_VERSION = 1;
				DEVELOPMENT_TEAM = 795P7M623R;
				GENERATE_INFOPLIST_FILE = NO;
				INFOPLIST_FILE = PaceOffWidget/Info.plist;
				IPHONEOS_DEPLOYMENT_TARGET = 26.0;
				LD_RUNPATH_SEARCH_PATHS = (
					"$(inherited)",
					"@executable_path/Frameworks",
				);
				MARKETING_VERSION = 1.0.0;
				PRODUCT_BUNDLE_IDENTIFIER = com.paceoff.app.widget;
				PRODUCT_NAME = "$(TARGET_NAME)";
				SDKROOT = iphoneos;
				SUPPORTED_PLATFORMS = "iphoneos iphonesimulator";
				SUPPORTS_MACCATALYST = NO;
				SWIFT_EMIT_LOC_STRINGS = YES;
				SWIFT_VERSION = 5.0;
				TARGETED_DEVICE_FAMILY = "1,2";
			};
			name = Debug;
		};
		B8873D4D82A803614BDF0620 /* Release */ = {
			isa = XCBuildConfiguration;
			buildSettings = {
				ASSETCATALOG_COMPILER_APPICON_NAME = AppIcon;
				ASSETCATALOG_COMPILER_GLOBAL_ACCENT_COLOR_NAME = AccentColor;
				CODE_SIGN_ENTITLEMENTS = PaceOff/PaceOff.entitlements;
				CODE_SIGN_STYLE = Automatic;
				CURRENT_PROJECT_VERSION = 1;
				DEVELOPMENT_ASSET_PATHS = "\"PaceOff/Preview Content\"";
				DEVELOPMENT_TEAM = 795P7M623R;
				ENABLE_PREVIEWS = YES;
				GENERATE_INFOPLIST_FILE = NO;
				INFOPLIST_FILE = PaceOff/Info.plist;
				IPHONEOS_DEPLOYMENT_TARGET = 26.0;
				LD_RUNPATH_SEARCH_PATHS = (
					"$(inherited)",
					"@executable_path/Frameworks",
					"@executable_path/PlugIns",
				);
				MARKETING_VERSION = 1.0.0;
				PRODUCT_BUNDLE_IDENTIFIER = com.paceoff.app;
				PRODUCT_NAME = "$(TARGET_NAME)";
				SDKROOT = iphoneos;
				SUPPORTED_PLATFORMS = "iphoneos iphonesimulator";
				SUPPORTS_MACCATALYST = NO;
				SWIFT_EMIT_LOC_STRINGS = YES;
				SWIFT_VERSION = 5.0;
				TARGETED_DEVICE_FAMILY = "1,2";
			};
			name = Release;
		};
		D5EE449C63F516D0BBA8408B /* Debug */ = {
			isa = XCBuildConfiguration;
			buildSettings = {
				ASSETCATALOG_COMPILER_APPICON_NAME = AppIcon;
				ASSETCATALOG_COMPILER_GLOBAL_ACCENT_COLOR_NAME = AccentColor;
				CODE_SIGN_ENTITLEMENTS = PaceOff/PaceOff.entitlements;
				CODE_SIGN_STYLE = Automatic;
				CURRENT_PROJECT_VERSION = 1;
				DEVELOPMENT_ASSET_PATHS = "\"PaceOff/Preview Content\"";
				DEVELOPMENT_TEAM = 795P7M623R;
				ENABLE_PREVIEWS = YES;
				GENERATE_INFOPLIST_FILE = NO;
				INFOPLIST_FILE = PaceOff/Info.plist;
				IPHONEOS_DEPLOYMENT_TARGET = 26.0;
				LD_RUNPATH_SEARCH_PATHS = (
					"$(inherited)",
					"@executable_path/Frameworks",
					"@executable_path/PlugIns",
				);
				MARKETING_VERSION = 1.0.0;
				PRODUCT_BUNDLE_IDENTIFIER = com.paceoff.app;
				PRODUCT_NAME = "$(TARGET_NAME)";
				SDKROOT = iphoneos;
				SUPPORTED_PLATFORMS = "iphoneos iphonesimulator";
				SUPPORTS_MACCATALYST = NO;
				SWIFT_EMIT_LOC_STRINGS = YES;
				SWIFT_VERSION = 5.0;
				TARGETED_DEVICE_FAMILY = "1,2";
			};
			name = Debug;
		};
		D7298EEEE06866E4F0279FE4 /* Release */ = {
			isa = XCBuildConfiguration;
			buildSettings = {
				ALWAYS_SEARCH_USER_PATHS = NO;
				CLANG_ANALYZER_NONNULL = YES;
				CLANG_CXX_LANGUAGE_STANDARD = "gnu++20";
				CLANG_ENABLE_MODULES = YES;
				CLANG_ENABLE_OBJC_ARC = YES;
				COPY_PHASE_STRIP = NO;
				CURRENT_PROJECT_VERSION = 1;
				DEBUG_INFORMATION_FORMAT = "dwarf-with-dsym";
				DEVELOPMENT_TEAM = "";
				ENABLE_NS_ASSERTIONS = NO;
				ENABLE_USER_SCRIPT_SANDBOXING = NO;
				IPHONEOS_DEPLOYMENT_TARGET = 26.0;
				MARKETING_VERSION = 1.0.0;
				SDKROOT = iphoneos;
				SWIFT_COMPILATION_MODE = wholemodule;
				SWIFT_OPTIMIZATION_LEVEL = "-O";
				SWIFT_STRICT_CONCURRENCY = minimal;
				SWIFT_VERSION = 5.0;
				VALIDATE_PRODUCT = YES;
				WATCHOS_DEPLOYMENT_TARGET = 26.0;
			};
			name = Release;
		};
		D84E790A4ABB81F00C8D106A /* Debug */ = {
			isa = XCBuildConfiguration;
			buildSettings = {
				ASSETCATALOG_COMPILER_APPICON_NAME = AppIcon;
				CODE_SIGN_ENTITLEMENTS = "PaceOffWatch Watch App/PaceOffWatch.entitlements";
				CODE_SIGN_STYLE = Automatic;
				CURRENT_PROJECT_VERSION = 1;
				DEVELOPMENT_TEAM = 795P7M623R;
				GENERATE_INFOPLIST_FILE = NO;
				INFOPLIST_FILE = "PaceOffWatch Watch App/Info.plist";
				LD_RUNPATH_SEARCH_PATHS = (
					"$(inherited)",
					"@executable_path/Frameworks",
					"@executable_path/PlugIns",
				);
				MARKETING_VERSION = 1.0.0;
				PRODUCT_BUNDLE_IDENTIFIER = com.paceoff.app.watchkitapp;
				PRODUCT_NAME = "$(TARGET_NAME)";
				SDKROOT = watchos;
				SUPPORTED_PLATFORMS = "watchos watchsimulator";
				SUPPORTS_MACCATALYST = NO;
				SWIFT_EMIT_LOC_STRINGS = YES;
				SWIFT_VERSION = 5.0;
				TARGETED_DEVICE_FAMILY = 4;
				WATCHOS_DEPLOYMENT_TARGET = 26.0;
			};
			name = Debug;
		};
		DF024D5D2B993386F639CA83 /* Debug */ = {
			isa = XCBuildConfiguration;
			buildSettings = {
				ASSETCATALOG_COMPILER_APPICON_NAME = AppIcon;
				BUNDLE_LOADER = "$(TEST_HOST)";
				CODE_SIGN_STYLE = Automatic;
				CURRENT_PROJECT_VERSION = 1;
				DEVELOPMENT_TEAM = "";
				GENERATE_INFOPLIST_FILE = YES;
				INFOPLIST_KEY_CFBundleDisplayName = PaceOffTests;
				IPHONEOS_DEPLOYMENT_TARGET = 26.0;
				LD_RUNPATH_SEARCH_PATHS = (
					"$(inherited)",
					"@executable_path/Frameworks",
				);
				MARKETING_VERSION = 1.0.0;
				PRODUCT_BUNDLE_IDENTIFIER = com.paceoff.app.tests;
				PRODUCT_NAME = "$(TARGET_NAME)";
				SDKROOT = iphoneos;
				SUPPORTED_PLATFORMS = "iphoneos iphonesimulator";
				SUPPORTS_MACCATALYST = NO;
				SWIFT_EMIT_LOC_STRINGS = YES;
				SWIFT_VERSION = 5.0;
				TARGETED_DEVICE_FAMILY = "1,2";
				TEST_HOST = "$(BUILT_PRODUCTS_DIR)/PaceOff.app/$(BUNDLE_EXECUTABLE_FOLDER_PATH)/PaceOff";
			};
			name = Debug;
		};
		F3D583159FA174BB58BE383A /* Release */ = {
			isa = XCBuildConfiguration;
			buildSettings = {
				ASSETCATALOG_COMPILER_APPICON_NAME = AppIcon;
				CODE_SIGN_ENTITLEMENTS = PaceOffWidget/PaceOffWidget.entitlements;
				CODE_SIGN_STYLE = Automatic;
				CURRENT_PROJECT_VERSION = 1;
				DEVELOPMENT_TEAM = 795P7M623R;
				GENERATE_INFOPLIST_FILE = NO;
				INFOPLIST_FILE = PaceOffWidget/Info.plist;
				IPHONEOS_DEPLOYMENT_TARGET = 26.0;
				LD_RUNPATH_SEARCH_PATHS = (
					"$(inherited)",
					"@executable_path/Frameworks",
				);
				MARKETING_VERSION = 1.0.0;
				PRODUCT_BUNDLE_IDENTIFIER = com.paceoff.app.widget;
				PRODUCT_NAME = "$(TARGET_NAME)";
				SDKROOT = iphoneos;
				SUPPORTED_PLATFORMS = "iphoneos iphonesimulator";
				SUPPORTS_MACCATALYST = NO;
				SWIFT_EMIT_LOC_STRINGS = YES;
				SWIFT_VERSION = 5.0;
				TARGETED_DEVICE_FAMILY = "1,2";
			};
			name = Release;
		};
/* End XCBuildConfiguration section */

/* Begin XCConfigurationList section */
		16F3B012C14FB9DB2792C89D /* Build configuration list for PBXNativeTarget "PaceOffTests" */ = {
			isa = XCConfigurationList;
			buildConfigurations = (
				DF024D5D2B993386F639CA83 /* Debug */,
				109AC96B42A664F0B60DB27D /* Release */,
			);
			defaultConfigurationIsVisible = 0;
			defaultConfigurationName = Release;
		};
		8B4434FB74E6D83D3FCDD6F8 /* Build configuration list for PBXProject "PaceOff" */ = {
			isa = XCConfigurationList;
			buildConfigurations = (
				31A43B7F78AEFBF672E72F97 /* Debug */,
				D7298EEEE06866E4F0279FE4 /* Release */,
			);
			defaultConfigurationIsVisible = 0;
			defaultConfigurationName = Release;
		};
		A0668F910FB80E86E69283C5 /* Build configuration list for PBXNativeTarget "PaceOff Watch App" */ = {
			isa = XCConfigurationList;
			buildConfigurations = (
				D84E790A4ABB81F00C8D106A /* Debug */,
				5B3013142CC075FE6AA5E930 /* Release */,
			);
			defaultConfigurationIsVisible = 0;
			defaultConfigurationName = Release;
		};
		CB3E9879FB35E5E8BA6C41A5 /* Build configuration list for PBXNativeTarget "PaceOffWidget" */ = {
			isa = XCConfigurationList;
			buildConfigurations = (
				9A98016E09D5569C60AB22DC /* Debug */,
				F3D583159FA174BB58BE383A /* Release */,
			);
			defaultConfigurationIsVisible = 0;
			defaultConfigurationName = Release;
		};
		E58136A19DC11288A6ACEA8E /* Build configuration list for PBXNativeTarget "PaceOff" */ = {
			isa = XCConfigurationList;
			buildConfigurations = (
				D5EE449C63F516D0BBA8408B /* Debug */,
				B8873D4D82A803614BDF0620 /* Release */,
			);
			defaultConfigurationIsVisible = 0;
			defaultConfigurationName = Release;
		};
/* End XCConfigurationList section */
	};
	rootObject = 98F54143AB4E86B28C3AFEE0 /* Project object */;
}
